
Microsoft Visual Studio Solution File, Format Version 12.00
# Visual Studio Version 17
VisualStudioVersion = 17.11.35327.3
MinimumVisualStudioVersion = 10.0.40219.1
Project("{FAE04EC0-301F-11D3-BF4B-00C04F79EFBC}") = "AlturaMedia", "AlturaMedia\AlturaMedia.csproj", "{87024C78-8F68-4CCC-91D1-E50C76AF9BCA}"
EndProject
Global
	GlobalSection(SolutionConfigurationPlatforms) = preSolution
		Debug|Any CPU = Debug|Any CPU
		Release|Any CPU = Release|Any CPU
	EndGlobalSection
	GlobalSection(ProjectConfigurationPlatforms) = postSolution
		{87024C78-8F68-4CCC-91D1-E50C76AF9BCA}.Debug|Any CPU.ActiveCfg = Debug|Any CPU
		{87024C78-8F68-4CCC-91D1-E50C76AF9BCA}.Debug|Any CPU.Build.0 = Debug|Any CPU
		{87024C78-8F68-4CCC-91D1-E50C76AF9BCA}.Release|Any CPU.ActiveCfg = Release|Any CPU
		{87024C78-8F68-4CCC-91D1-E50C76AF9BCA}.Release|Any CPU.Build.0 = Release|Any CPU
	EndGlobalSection
	GlobalSection(SolutionProperties) = preSolution
		HideSolutionNode = FALSE
	EndGlobalSection
	GlobalSection(ExtensibilityGlobals) = postSolution
		SolutionGuid = {54DBA102-4F35-4C34-82BC-CF20CC0D76E9}
	EndGlobalSection
EndGlobal
